
Microsoft Visual Studio Solution File, Format Version 12.00
Project("{2150E333-8FDC-42A3-9474-1A3956D46DE8}") = "Presentation", "Presentation", "{87F6F604-E473-482C-9623-C51402147833}"
EndProject
Project("{2150E333-8FDC-42A3-9474-1A3956D46DE8}") = "Domain", "Domain", "{D1653095-E620-498D-9BD9-E098E628CFAB}"
EndProject
Project("{2150E333-8FDC-42A3-9474-1A3956D46DE8}") = "Infrastructure", "Infrastructure", "{70F99C94-7582-4FAE-A07C-05B901F27242}"
EndProject
Project("{FAE04EC0-301F-11D3-BF4B-00C04F79EFBC}") = "Store", "Store\Store.csproj", "{AE21CA35-2FE5-4F8C-93EA-46A769F0353B}"
EndProject
Project("{FAE04EC0-301F-11D3-BF4B-00C04F79EFBC}") = "Memory", "Memory\Memory.csproj", "{F0331BAC-D8E7-4134-AED4-4CB4AEEF8A3C}"
EndProject
Project("{FAE04EC0-301F-11D3-BF4B-00C04F79EFBC}") = "Web", "Web\Web.csproj", "{481FA625-FBE2-4DEA-A5C2-B15FD3F5B5B9}"
EndProject
Project("{FAE04EC0-301F-11D3-BF4B-00C04F79EFBC}") = "Tests", "Tests\Tests.csproj", "{18863E26-8A76-4D7F-9D3D-748CF02C448C}"
EndProject
Project("{2150E333-8FDC-42A3-9474-1A3956D46DE8}") = "Application", "Application", "{2157D697-C821-4F2A-BE4C-24B0E23770FC}"
EndProject
Project("{FAE04EC0-301F-11D3-BF4B-00C04F79EFBC}") = "App", "App\App.csproj", "{E35DB395-E5CA-4EF9-9A8F-12223277370E}"
EndProject
Global
	GlobalSection(SolutionConfigurationPlatforms) = preSolution
		Debug|Any CPU = Debug|Any CPU
		Release|Any CPU = Release|Any CPU
	EndGlobalSection
	GlobalSection(ProjectConfigurationPlatforms) = postSolution
		{AE21CA35-2FE5-4F8C-93EA-46A769F0353B}.Debug|Any CPU.ActiveCfg = Debug|Any CPU
		{AE21CA35-2FE5-4F8C-93EA-46A769F0353B}.Debug|Any CPU.Build.0 = Debug|Any CPU
		{AE21CA35-2FE5-4F8C-93EA-46A769F0353B}.Release|Any CPU.ActiveCfg = Release|Any CPU
		{AE21CA35-2FE5-4F8C-93EA-46A769F0353B}.Release|Any CPU.Build.0 = Release|Any CPU
		{F0331BAC-D8E7-4134-AED4-4CB4AEEF8A3C}.Debug|Any CPU.ActiveCfg = Debug|Any CPU
		{F0331BAC-D8E7-4134-AED4-4CB4AEEF8A3C}.Debug|Any CPU.Build.0 = Debug|Any CPU
		{F0331BAC-D8E7-4134-AED4-4CB4AEEF8A3C}.Release|Any CPU.ActiveCfg = Release|Any CPU
		{F0331BAC-D8E7-4134-AED4-4CB4AEEF8A3C}.Release|Any CPU.Build.0 = Release|Any CPU
		{481FA625-FBE2-4DEA-A5C2-B15FD3F5B5B9}.Debug|Any CPU.ActiveCfg = Debug|Any CPU
		{481FA625-FBE2-4DEA-A5C2-B15FD3F5B5B9}.Debug|Any CPU.Build.0 = Debug|Any CPU
		{481FA625-FBE2-4DEA-A5C2-B15FD3F5B5B9}.Release|Any CPU.ActiveCfg = Release|Any CPU
		{481FA625-FBE2-4DEA-A5C2-B15FD3F5B5B9}.Release|Any CPU.Build.0 = Release|Any CPU
		{18863E26-8A76-4D7F-9D3D-748CF02C448C}.Debug|Any CPU.ActiveCfg = Debug|Any CPU
		{18863E26-8A76-4D7F-9D3D-748CF02C448C}.Debug|Any CPU.Build.0 = Debug|Any CPU
		{18863E26-8A76-4D7F-9D3D-748CF02C448C}.Release|Any CPU.ActiveCfg = Release|Any CPU
		{18863E26-8A76-4D7F-9D3D-748CF02C448C}.Release|Any CPU.Build.0 = Release|Any CPU
		{E35DB395-E5CA-4EF9-9A8F-12223277370E}.Debug|Any CPU.ActiveCfg = Debug|Any CPU
		{E35DB395-E5CA-4EF9-9A8F-12223277370E}.Debug|Any CPU.Build.0 = Debug|Any CPU
		{E35DB395-E5CA-4EF9-9A8F-12223277370E}.Release|Any CPU.ActiveCfg = Release|Any CPU
		{E35DB395-E5CA-4EF9-9A8F-12223277370E}.Release|Any CPU.Build.0 = Release|Any CPU
	EndGlobalSection
	GlobalSection(NestedProjects) = preSolution
		{AE21CA35-2FE5-4F8C-93EA-46A769F0353B} = {D1653095-E620-498D-9BD9-E098E628CFAB}
		{F0331BAC-D8E7-4134-AED4-4CB4AEEF8A3C} = {70F99C94-7582-4FAE-A07C-05B901F27242}
		{481FA625-FBE2-4DEA-A5C2-B15FD3F5B5B9} = {87F6F604-E473-482C-9623-C51402147833}
		{18863E26-8A76-4D7F-9D3D-748CF02C448C} = {D1653095-E620-498D-9BD9-E098E628CFAB}
		{E35DB395-E5CA-4EF9-9A8F-12223277370E} = {2157D697-C821-4F2A-BE4C-24B0E23770FC}
	EndGlobalSection
EndGlobal
